
Microsoft Visual Studio Solution File, Format Version 12.00
# Visual Studio 2012
Project("{FAE04EC0-301F-11D3-BF4B-00C04F79EFBC}") = "MVVMEasy", "MVVMEasy.csproj", "{1FEA2009-3015-4B9A-9C39-A95E2ED5A04B}"
EndProject
Project("{FAE04EC0-301F-11D3-BF4B-00C04F79EFBC}") = "MVVMEasy.iOS", "iOS\MVVMEasy.iOS.csproj", "{1359AFCB-58FB-47CD-94C5-D801BD6E5D96}"
EndProject
Global
	GlobalSection(SolutionConfigurationPlatforms) = preSolution
		Debug|Any CPU = Debug|Any CPU
		Release|Any CPU = Release|Any CPU
		Debug|iPhoneSimulator = Debug|iPhoneSimulator
		Release|iPhone = Release|iPhone
		Release|iPhoneSimulator = Release|iPhoneSimulator
		Debug|iPhone = Debug|iPhone
	EndGlobalSection
	GlobalSection(ProjectConfigurationPlatforms) = postSolution
		{1359AFCB-58FB-47CD-94C5-D801BD6E5D96}.Debug|Any CPU.ActiveCfg = Debug|iPhoneSimulator
		{1359AFCB-58FB-47CD-94C5-D801BD6E5D96}.Debug|Any CPU.Build.0 = Debug|iPhoneSimulator
		{1359AFCB-58FB-47CD-94C5-D801BD6E5D96}.Debug|iPhone.ActiveCfg = Debug|iPhone
		{1359AFCB-58FB-47CD-94C5-D801BD6E5D96}.Debug|iPhone.Build.0 = Debug|iPhone
		{1359AFCB-58FB-47CD-94C5-D801BD6E5D96}.Debug|iPhoneSimulator.ActiveCfg = Debug|iPhoneSimulator
		{1359AFCB-58FB-47CD-94C5-D801BD6E5D96}.Debug|iPhoneSimulator.Build.0 = Debug|iPhoneSimulator
		{1359AFCB-58FB-47CD-94C5-D801BD6E5D96}.Release|Any CPU.ActiveCfg = Release|iPhone
		{1359AFCB-58FB-47CD-94C5-D801BD6E5D96}.Release|Any CPU.Build.0 = Release|iPhone
		{1359AFCB-58FB-47CD-94C5-D801BD6E5D96}.Release|iPhone.ActiveCfg = Release|iPhone
		{1359AFCB-58FB-47CD-94C5-D801BD6E5D96}.Release|iPhone.Build.0 = Release|iPhone
		{1359AFCB-58FB-47CD-94C5-D801BD6E5D96}.Release|iPhoneSimulator.ActiveCfg = Release|iPhoneSimulator
		{1359AFCB-58FB-47CD-94C5-D801BD6E5D96}.Release|iPhoneSimulator.Build.0 = Release|iPhoneSimulator
		{1FEA2009-3015-4B9A-9C39-A95E2ED5A04B}.Debug|Any CPU.ActiveCfg = Debug|Any CPU
		{1FEA2009-3015-4B9A-9C39-A95E2ED5A04B}.Debug|Any CPU.Build.0 = Debug|Any CPU
		{1FEA2009-3015-4B9A-9C39-A95E2ED5A04B}.Debug|iPhone.ActiveCfg = Debug|Any CPU
		{1FEA2009-3015-4B9A-9C39-A95E2ED5A04B}.Debug|iPhone.Build.0 = Debug|Any CPU
		{1FEA2009-3015-4B9A-9C39-A95E2ED5A04B}.Debug|iPhoneSimulator.ActiveCfg = Debug|Any CPU
		{1FEA2009-3015-4B9A-9C39-A95E2ED5A04B}.Debug|iPhoneSimulator.Build.0 = Debug|Any CPU
		{1FEA2009-3015-4B9A-9C39-A95E2ED5A04B}.Release|Any CPU.ActiveCfg = Release|Any CPU
		{1FEA2009-3015-4B9A-9C39-A95E2ED5A04B}.Release|Any CPU.Build.0 = Release|Any CPU
		{1FEA2009-3015-4B9A-9C39-A95E2ED5A04B}.Release|iPhone.ActiveCfg = Release|Any CPU
		{1FEA2009-3015-4B9A-9C39-A95E2ED5A04B}.Release|iPhone.Build.0 = Release|Any CPU
		{1FEA2009-3015-4B9A-9C39-A95E2ED5A04B}.Release|iPhoneSimulator.ActiveCfg = Release|Any CPU
		{1FEA2009-3015-4B9A-9C39-A95E2ED5A04B}.Release|iPhoneSimulator.Build.0 = Release|Any CPU
	EndGlobalSection
EndGlobal
